
Microsoft Visual Studio Solution File, Format Version 12.00
# Visual Studio Version 17
VisualStudioVersion = 17.4.33213.308
MinimumVisualStudioVersion = 10.0.40219.1
Project("{FAE04EC0-301F-11D3-BF4B-00C04F79EFBC}") = "backend", "backend\backend.csproj", "{AC22ED65-A8CD-42E6-A4AF-C48B4C979CC6}"
EndProject
Global
	GlobalSection(SolutionConfigurationPlatforms) = preSolution
		Debug|Any CPU = Debug|Any CPU
		Release|Any CPU = Release|Any CPU
	EndGlobalSection
	GlobalSection(ProjectConfigurationPlatforms) = postSolution
		{AC22ED65-A8CD-42E6-A4AF-C48B4C979CC6}.Debug|Any CPU.ActiveCfg = Debug|Any CPU
		{AC22ED65-A8CD-42E6-A4AF-C48B4C979CC6}.Debug|Any CPU.Build.0 = Debug|Any CPU
		{AC22ED65-A8CD-42E6-A4AF-C48B4C979CC6}.Release|Any CPU.ActiveCfg = Release|Any CPU
		{AC22ED65-A8CD-42E6-A4AF-C48B4C979CC6}.Release|Any CPU.Build.0 = Release|Any CPU
	EndGlobalSection
	GlobalSection(SolutionProperties) = preSolution
		HideSolutionNode = FALSE
	EndGlobalSection
	GlobalSection(ExtensibilityGlobals) = postSolution
		SolutionGuid = {DDA545E5-B2BD-4C46-A5FB-6FCE540A4E3E}
	EndGlobalSection
EndGlobal
